
Microsoft Visual Studio Solution File, Format Version 12.00
# Visual Studio 15
VisualStudioVersion = 15.0.28010.2003
MinimumVisualStudioVersion = 10.0.40219.1
Project("{2150E333-8FDC-42A3-9474-1A3956D46DE8}") = "0.Model", "0.Model", "{1D7004B8-48CD-4DC6-8855-A312CDAC7A6A}"
EndProject
Project("{FAE04EC0-301F-11D3-BF4B-00C04F79EFBC}") = "TcUnip.Model", "TcUnip.Model\TcUnip.Model.csproj", "{7B1C239C-0AD3-4A46-B7FD-E69AC34A4074}"
EndProject
Project("{2150E333-8FDC-42A3-9474-1A3956D46DE8}") = "1.Service", "1.Service", "{77A86174-31F4-47E9-8AC6-31454EB5055B}"
EndProject
Project("{FAE04EC0-301F-11D3-BF4B-00C04F79EFBC}") = "TcUnip.Service", "TcUnip.Service\TcUnip.Service.csproj", "{E143CBC5-ADDF-4F5D-B3E1-004C28250CD5}"
EndProject
Project("{FAE04EC0-301F-11D3-BF4B-00C04F79EFBC}") = "TcUnip.Service.Contract", "TcUnip.Service.Contract\TcUnip.Service.Contract.csproj", "{5E9F759F-6C82-4A72-9365-2E2005628BC3}"
EndProject
Project("{FAE04EC0-301F-11D3-BF4B-00C04F79EFBC}") = "TcUnip.Api", "TcUnip.WebApi\TcUnip.Api.csproj", "{DE6C7563-2250-407F-85C2-58CAAA1EDBDD}"
EndProject
Project("{2150E333-8FDC-42A3-9474-1A3956D46DE8}") = "2.Presentation", "2.Presentation", "{9951CD2E-D464-4718-B509-FF5751103A3C}"
EndProject
Project("{FAE04EC0-301F-11D3-BF4B-00C04F79EFBC}") = "TcUnip.Web", "TcUnip.Web\TcUnip.Web.csproj", "{5720C659-AE8A-4FA7-9D25-C59C0B4E818A}"
EndProject
Project("{2150E333-8FDC-42A3-9474-1A3956D46DE8}") = "3.Data", "3.Data", "{4C61B5F9-FBA5-4886-A5BC-6C130CE64621}"
EndProject
Project("{2150E333-8FDC-42A3-9474-1A3956D46DE8}") = "Entity", "Entity", "{20C50F7B-10C4-4ECB-AB7A-A02157F5856B}"
EndProject
Project("{FAE04EC0-301F-11D3-BF4B-00C04F79EFBC}") = "TcUnip.Data.Entity", "TcUnip.Data.Entity\TcUnip.Data.Entity.csproj", "{10F8AD70-B69E-4DA5-A2DB-0AC2711FBBF9}"
EndProject
Project("{2150E333-8FDC-42A3-9474-1A3956D46DE8}") = "4.Common", "4.Common", "{9E29C17D-7B16-4444-8590-02F2C2C4905A}"
EndProject
Project("{FAE04EC0-301F-11D3-BF4B-00C04F79EFBC}") = "TcUnip.Config", "TcUnip.Config\TcUnip.Config.csproj", "{9958F72A-A281-4583-A445-B9CEB00B5295}"
EndProject
Project("{2150E333-8FDC-42A3-9474-1A3956D46DE8}") = "Repository", "Repository", "{4BE8AC73-357C-4360-8E52-68EC020B91ED}"
EndProject
Project("{FAE04EC0-301F-11D3-BF4B-00C04F79EFBC}") = "TcUnip.Data.Repositories", "TcUnip.Data.Repositories\TcUnip.Data.Repositories.csproj", "{B4FCFC38-683C-40D3-A6F0-58F24B9CFA00}"
EndProject
Project("{FAE04EC0-301F-11D3-BF4B-00C04F79EFBC}") = "TcUnip.Data.Contract", "TcUnip.Data.Contract\TcUnip.Data.Contract.csproj", "{260E3B8C-F516-4AFF-908D-A78225052895}"
EndProject
Global
	GlobalSection(SolutionConfigurationPlatforms) = preSolution
		Debug|Any CPU = Debug|Any CPU
		Release|Any CPU = Release|Any CPU
	EndGlobalSection
	GlobalSection(ProjectConfigurationPlatforms) = postSolution
		{7B1C239C-0AD3-4A46-B7FD-E69AC34A4074}.Debug|Any CPU.ActiveCfg = Debug|Any CPU
		{7B1C239C-0AD3-4A46-B7FD-E69AC34A4074}.Debug|Any CPU.Build.0 = Debug|Any CPU
		{7B1C239C-0AD3-4A46-B7FD-E69AC34A4074}.Release|Any CPU.ActiveCfg = Release|Any CPU
		{7B1C239C-0AD3-4A46-B7FD-E69AC34A4074}.Release|Any CPU.Build.0 = Release|Any CPU
		{E143CBC5-ADDF-4F5D-B3E1-004C28250CD5}.Debug|Any CPU.ActiveCfg = Debug|Any CPU
		{E143CBC5-ADDF-4F5D-B3E1-004C28250CD5}.Debug|Any CPU.Build.0 = Debug|Any CPU
		{E143CBC5-ADDF-4F5D-B3E1-004C28250CD5}.Release|Any CPU.ActiveCfg = Release|Any CPU
		{E143CBC5-ADDF-4F5D-B3E1-004C28250CD5}.Release|Any CPU.Build.0 = Release|Any CPU
		{5E9F759F-6C82-4A72-9365-2E2005628BC3}.Debug|Any CPU.ActiveCfg = Debug|Any CPU
		{5E9F759F-6C82-4A72-9365-2E2005628BC3}.Debug|Any CPU.Build.0 = Debug|Any CPU
		{5E9F759F-6C82-4A72-9365-2E2005628BC3}.Release|Any CPU.ActiveCfg = Release|Any CPU
		{5E9F759F-6C82-4A72-9365-2E2005628BC3}.Release|Any CPU.Build.0 = Release|Any CPU
		{DE6C7563-2250-407F-85C2-58CAAA1EDBDD}.Debug|Any CPU.ActiveCfg = Debug|Any CPU
		{DE6C7563-2250-407F-85C2-58CAAA1EDBDD}.Debug|Any CPU.Build.0 = Debug|Any CPU
		{DE6C7563-2250-407F-85C2-58CAAA1EDBDD}.Release|Any CPU.ActiveCfg = Release|Any CPU
		{DE6C7563-2250-407F-85C2-58CAAA1EDBDD}.Release|Any CPU.Build.0 = Release|Any CPU
		{5720C659-AE8A-4FA7-9D25-C59C0B4E818A}.Debug|Any CPU.ActiveCfg = Debug|Any CPU
		{5720C659-AE8A-4FA7-9D25-C59C0B4E818A}.Debug|Any CPU.Build.0 = Debug|Any CPU
		{5720C659-AE8A-4FA7-9D25-C59C0B4E818A}.Release|Any CPU.ActiveCfg = Release|Any CPU
		{5720C659-AE8A-4FA7-9D25-C59C0B4E818A}.Release|Any CPU.Build.0 = Release|Any CPU
		{10F8AD70-B69E-4DA5-A2DB-0AC2711FBBF9}.Debug|Any CPU.ActiveCfg = Debug|Any CPU
		{10F8AD70-B69E-4DA5-A2DB-0AC2711FBBF9}.Debug|Any CPU.Build.0 = Debug|Any CPU
		{10F8AD70-B69E-4DA5-A2DB-0AC2711FBBF9}.Release|Any CPU.ActiveCfg = Release|Any CPU
		{10F8AD70-B69E-4DA5-A2DB-0AC2711FBBF9}.Release|Any CPU.Build.0 = Release|Any CPU
		{9958F72A-A281-4583-A445-B9CEB00B5295}.Debug|Any CPU.ActiveCfg = Debug|Any CPU
		{9958F72A-A281-4583-A445-B9CEB00B5295}.Debug|Any CPU.Build.0 = Debug|Any CPU
		{9958F72A-A281-4583-A445-B9CEB00B5295}.Release|Any CPU.ActiveCfg = Release|Any CPU
		{9958F72A-A281-4583-A445-B9CEB00B5295}.Release|Any CPU.Build.0 = Release|Any CPU
		{B4FCFC38-683C-40D3-A6F0-58F24B9CFA00}.Debug|Any CPU.ActiveCfg = Debug|Any CPU
		{B4FCFC38-683C-40D3-A6F0-58F24B9CFA00}.Debug|Any CPU.Build.0 = Debug|Any CPU
		{B4FCFC38-683C-40D3-A6F0-58F24B9CFA00}.Release|Any CPU.ActiveCfg = Release|Any CPU
		{B4FCFC38-683C-40D3-A6F0-58F24B9CFA00}.Release|Any CPU.Build.0 = Release|Any CPU
		{260E3B8C-F516-4AFF-908D-A78225052895}.Debug|Any CPU.ActiveCfg = Debug|Any CPU
		{260E3B8C-F516-4AFF-908D-A78225052895}.Debug|Any CPU.Build.0 = Debug|Any CPU
		{260E3B8C-F516-4AFF-908D-A78225052895}.Release|Any CPU.ActiveCfg = Release|Any CPU
		{260E3B8C-F516-4AFF-908D-A78225052895}.Release|Any CPU.Build.0 = Release|Any CPU
	EndGlobalSection
	GlobalSection(SolutionProperties) = preSolution
		HideSolutionNode = FALSE
	EndGlobalSection
	GlobalSection(NestedProjects) = preSolution
		{7B1C239C-0AD3-4A46-B7FD-E69AC34A4074} = {1D7004B8-48CD-4DC6-8855-A312CDAC7A6A}
		{E143CBC5-ADDF-4F5D-B3E1-004C28250CD5} = {77A86174-31F4-47E9-8AC6-31454EB5055B}
		{5E9F759F-6C82-4A72-9365-2E2005628BC3} = {77A86174-31F4-47E9-8AC6-31454EB5055B}
		{DE6C7563-2250-407F-85C2-58CAAA1EDBDD} = {77A86174-31F4-47E9-8AC6-31454EB5055B}
		{5720C659-AE8A-4FA7-9D25-C59C0B4E818A} = {9951CD2E-D464-4718-B509-FF5751103A3C}
		{20C50F7B-10C4-4ECB-AB7A-A02157F5856B} = {4C61B5F9-FBA5-4886-A5BC-6C130CE64621}
		{10F8AD70-B69E-4DA5-A2DB-0AC2711FBBF9} = {20C50F7B-10C4-4ECB-AB7A-A02157F5856B}
		{9958F72A-A281-4583-A445-B9CEB00B5295} = {9E29C17D-7B16-4444-8590-02F2C2C4905A}
		{4BE8AC73-357C-4360-8E52-68EC020B91ED} = {4C61B5F9-FBA5-4886-A5BC-6C130CE64621}
		{B4FCFC38-683C-40D3-A6F0-58F24B9CFA00} = {4BE8AC73-357C-4360-8E52-68EC020B91ED}
		{260E3B8C-F516-4AFF-908D-A78225052895} = {4BE8AC73-357C-4360-8E52-68EC020B91ED}
	EndGlobalSection
	GlobalSection(ExtensibilityGlobals) = postSolution
		SolutionGuid = {44C65A0B-F40F-44E2-B215-9999CBE848BE}
	EndGlobalSection
EndGlobal
