
Microsoft Visual Studio Solution File, Format Version 12.00
# Visual Studio 15
VisualStudioVersion = 15.0.28010.2003
MinimumVisualStudioVersion = 10.0.40219.1
Project("{FAE04EC0-301F-11D3-BF4B-00C04F79EFBC}") = "TCC_Unip", "TC_Clinica_Gerenciamento\TCC_Unip.csproj", "{5329546D-2E3B-4BBB-A727-5DD6173DF58A}"
EndProject
Project("{2150E333-8FDC-42A3-9474-1A3956D46DE8}") = "0.Model", "0.Model", "{1D7004B8-48CD-4DC6-8855-A312CDAC7A6A}"
EndProject
Project("{FAE04EC0-301F-11D3-BF4B-00C04F79EFBC}") = "TcUnip.Model", "TcUnip.Model\TcUnip.Model.csproj", "{7B1C239C-0AD3-4A46-B7FD-E69AC34A4074}"
EndProject
Project("{2150E333-8FDC-42A3-9474-1A3956D46DE8}") = "1.Service", "1.Service", "{77A86174-31F4-47E9-8AC6-31454EB5055B}"
EndProject
Project("{FAE04EC0-301F-11D3-BF4B-00C04F79EFBC}") = "TcUnip.Service", "TcUnip.Service\TcUnip.Service.csproj", "{E143CBC5-ADDF-4F5D-B3E1-004C28250CD5}"
EndProject
Project("{FAE04EC0-301F-11D3-BF4B-00C04F79EFBC}") = "TcUnip.Service.Contract", "TcUnip.Service.Contract\TcUnip.Service.Contract.csproj", "{5E9F759F-6C82-4A72-9365-2E2005628BC3}"
EndProject
Project("{FAE04EC0-301F-11D3-BF4B-00C04F79EFBC}") = "TcUnip.ServiceApi", "TcUnip.ServiceApi\TcUnip.ServiceApi.csproj", "{6A5B306A-E212-46D5-A438-9725E8F72C6A}"
EndProject
Project("{FAE04EC0-301F-11D3-BF4B-00C04F79EFBC}") = "TcUnip.Api", "TcUnip.WebApi\TcUnip.Api.csproj", "{DE6C7563-2250-407F-85C2-58CAAA1EDBDD}"
EndProject
Project("{2150E333-8FDC-42A3-9474-1A3956D46DE8}") = "2.Presentation", "2.Presentation", "{9951CD2E-D464-4718-B509-FF5751103A3C}"
EndProject
Project("{FAE04EC0-301F-11D3-BF4B-00C04F79EFBC}") = "TcUnip.Web", "TcUnip.Web\TcUnip.Web.csproj", "{5720C659-AE8A-4FA7-9D25-C59C0B4E818A}"
EndProject
Global
	GlobalSection(SolutionConfigurationPlatforms) = preSolution
		Debug|Any CPU = Debug|Any CPU
		Release|Any CPU = Release|Any CPU
	EndGlobalSection
	GlobalSection(ProjectConfigurationPlatforms) = postSolution
		{5329546D-2E3B-4BBB-A727-5DD6173DF58A}.Debug|Any CPU.ActiveCfg = Debug|Any CPU
		{5329546D-2E3B-4BBB-A727-5DD6173DF58A}.Debug|Any CPU.Build.0 = Debug|Any CPU
		{5329546D-2E3B-4BBB-A727-5DD6173DF58A}.Release|Any CPU.ActiveCfg = Release|Any CPU
		{5329546D-2E3B-4BBB-A727-5DD6173DF58A}.Release|Any CPU.Build.0 = Release|Any CPU
		{7B1C239C-0AD3-4A46-B7FD-E69AC34A4074}.Debug|Any CPU.ActiveCfg = Debug|Any CPU
		{7B1C239C-0AD3-4A46-B7FD-E69AC34A4074}.Debug|Any CPU.Build.0 = Debug|Any CPU
		{7B1C239C-0AD3-4A46-B7FD-E69AC34A4074}.Release|Any CPU.ActiveCfg = Release|Any CPU
		{7B1C239C-0AD3-4A46-B7FD-E69AC34A4074}.Release|Any CPU.Build.0 = Release|Any CPU
		{E143CBC5-ADDF-4F5D-B3E1-004C28250CD5}.Debug|Any CPU.ActiveCfg = Debug|Any CPU
		{E143CBC5-ADDF-4F5D-B3E1-004C28250CD5}.Debug|Any CPU.Build.0 = Debug|Any CPU
		{E143CBC5-ADDF-4F5D-B3E1-004C28250CD5}.Release|Any CPU.ActiveCfg = Release|Any CPU
		{E143CBC5-ADDF-4F5D-B3E1-004C28250CD5}.Release|Any CPU.Build.0 = Release|Any CPU
		{5E9F759F-6C82-4A72-9365-2E2005628BC3}.Debug|Any CPU.ActiveCfg = Debug|Any CPU
		{5E9F759F-6C82-4A72-9365-2E2005628BC3}.Debug|Any CPU.Build.0 = Debug|Any CPU
		{5E9F759F-6C82-4A72-9365-2E2005628BC3}.Release|Any CPU.ActiveCfg = Release|Any CPU
		{5E9F759F-6C82-4A72-9365-2E2005628BC3}.Release|Any CPU.Build.0 = Release|Any CPU
		{6A5B306A-E212-46D5-A438-9725E8F72C6A}.Debug|Any CPU.ActiveCfg = Debug|Any CPU
		{6A5B306A-E212-46D5-A438-9725E8F72C6A}.Debug|Any CPU.Build.0 = Debug|Any CPU
		{6A5B306A-E212-46D5-A438-9725E8F72C6A}.Release|Any CPU.ActiveCfg = Release|Any CPU
		{6A5B306A-E212-46D5-A438-9725E8F72C6A}.Release|Any CPU.Build.0 = Release|Any CPU
		{DE6C7563-2250-407F-85C2-58CAAA1EDBDD}.Debug|Any CPU.ActiveCfg = Debug|Any CPU
		{DE6C7563-2250-407F-85C2-58CAAA1EDBDD}.Debug|Any CPU.Build.0 = Debug|Any CPU
		{DE6C7563-2250-407F-85C2-58CAAA1EDBDD}.Release|Any CPU.ActiveCfg = Release|Any CPU
		{DE6C7563-2250-407F-85C2-58CAAA1EDBDD}.Release|Any CPU.Build.0 = Release|Any CPU
		{5720C659-AE8A-4FA7-9D25-C59C0B4E818A}.Debug|Any CPU.ActiveCfg = Debug|Any CPU
		{5720C659-AE8A-4FA7-9D25-C59C0B4E818A}.Debug|Any CPU.Build.0 = Debug|Any CPU
		{5720C659-AE8A-4FA7-9D25-C59C0B4E818A}.Release|Any CPU.ActiveCfg = Release|Any CPU
		{5720C659-AE8A-4FA7-9D25-C59C0B4E818A}.Release|Any CPU.Build.0 = Release|Any CPU
	EndGlobalSection
	GlobalSection(SolutionProperties) = preSolution
		HideSolutionNode = FALSE
	EndGlobalSection
	GlobalSection(NestedProjects) = preSolution
		{7B1C239C-0AD3-4A46-B7FD-E69AC34A4074} = {1D7004B8-48CD-4DC6-8855-A312CDAC7A6A}
		{E143CBC5-ADDF-4F5D-B3E1-004C28250CD5} = {77A86174-31F4-47E9-8AC6-31454EB5055B}
		{5E9F759F-6C82-4A72-9365-2E2005628BC3} = {77A86174-31F4-47E9-8AC6-31454EB5055B}
		{6A5B306A-E212-46D5-A438-9725E8F72C6A} = {77A86174-31F4-47E9-8AC6-31454EB5055B}
		{DE6C7563-2250-407F-85C2-58CAAA1EDBDD} = {77A86174-31F4-47E9-8AC6-31454EB5055B}
		{5720C659-AE8A-4FA7-9D25-C59C0B4E818A} = {9951CD2E-D464-4718-B509-FF5751103A3C}
	EndGlobalSection
	GlobalSection(ExtensibilityGlobals) = postSolution
		SolutionGuid = {44C65A0B-F40F-44E2-B215-9999CBE848BE}
	EndGlobalSection
EndGlobal
