
Microsoft Visual Studio Solution File, Format Version 12.00
# Visual Studio 15
VisualStudioVersion = 15.0.28010.2003
MinimumVisualStudioVersion = 10.0.40219.1
Project("{FAE04EC0-301F-11D3-BF4B-00C04F79EFBC}") = "TCC_Unip", "TC_Clinica_Gerenciamento\TCC_Unip.csproj", "{5329546D-2E3B-4BBB-A727-5DD6173DF58A}"
EndProject
Project("{2150E333-8FDC-42A3-9474-1A3956D46DE8}") = "0.Model", "0.Model", "{1D7004B8-48CD-4DC6-8855-A312CDAC7A6A}"
EndProject
Project("{FAE04EC0-301F-11D3-BF4B-00C04F79EFBC}") = "TcUnip.Model", "TcUnip.Model\TcUnip.Model.csproj", "{7B1C239C-0AD3-4A46-B7FD-E69AC34A4074}"
EndProject
Project("{2150E333-8FDC-42A3-9474-1A3956D46DE8}") = "1.Service", "1.Service", "{77A86174-31F4-47E9-8AC6-31454EB5055B}"
EndProject
Project("{FAE04EC0-301F-11D3-BF4B-00C04F79EFBC}") = "TcUnip.Session", "TcUnip.Session\TcUnip.Session.csproj", "{868AA813-E259-401D-BA73-7AC1D8DEB120}"
EndProject
Project("{FAE04EC0-301F-11D3-BF4B-00C04F79EFBC}") = "TcUnip.Api", "TcUnip.Api\TcUnip.Api.csproj", "{FA89D82B-D06E-493F-A9E1-3BDD4782B71E}"
EndProject
Project("{FAE04EC0-301F-11D3-BF4B-00C04F79EFBC}") = "TcUnip.Service", "TcUnip.Service\TcUnip.Service.csproj", "{E143CBC5-ADDF-4F5D-B3E1-004C28250CD5}"
EndProject
Project("{FAE04EC0-301F-11D3-BF4B-00C04F79EFBC}") = "TcUnip.Service.Contract", "TcUnip.Service.Contract\TcUnip.Service.Contract.csproj", "{5E9F759F-6C82-4A72-9365-2E2005628BC3}"
EndProject
Global
	GlobalSection(SolutionConfigurationPlatforms) = preSolution
		Debug|Any CPU = Debug|Any CPU
		Release|Any CPU = Release|Any CPU
	EndGlobalSection
	GlobalSection(ProjectConfigurationPlatforms) = postSolution
		{5329546D-2E3B-4BBB-A727-5DD6173DF58A}.Debug|Any CPU.ActiveCfg = Debug|Any CPU
		{5329546D-2E3B-4BBB-A727-5DD6173DF58A}.Debug|Any CPU.Build.0 = Debug|Any CPU
		{5329546D-2E3B-4BBB-A727-5DD6173DF58A}.Release|Any CPU.ActiveCfg = Release|Any CPU
		{5329546D-2E3B-4BBB-A727-5DD6173DF58A}.Release|Any CPU.Build.0 = Release|Any CPU
		{7B1C239C-0AD3-4A46-B7FD-E69AC34A4074}.Debug|Any CPU.ActiveCfg = Debug|Any CPU
		{7B1C239C-0AD3-4A46-B7FD-E69AC34A4074}.Debug|Any CPU.Build.0 = Debug|Any CPU
		{7B1C239C-0AD3-4A46-B7FD-E69AC34A4074}.Release|Any CPU.ActiveCfg = Release|Any CPU
		{7B1C239C-0AD3-4A46-B7FD-E69AC34A4074}.Release|Any CPU.Build.0 = Release|Any CPU
		{868AA813-E259-401D-BA73-7AC1D8DEB120}.Debug|Any CPU.ActiveCfg = Debug|Any CPU
		{868AA813-E259-401D-BA73-7AC1D8DEB120}.Debug|Any CPU.Build.0 = Debug|Any CPU
		{868AA813-E259-401D-BA73-7AC1D8DEB120}.Release|Any CPU.ActiveCfg = Release|Any CPU
		{868AA813-E259-401D-BA73-7AC1D8DEB120}.Release|Any CPU.Build.0 = Release|Any CPU
		{FA89D82B-D06E-493F-A9E1-3BDD4782B71E}.Debug|Any CPU.ActiveCfg = Debug|Any CPU
		{FA89D82B-D06E-493F-A9E1-3BDD4782B71E}.Debug|Any CPU.Build.0 = Debug|Any CPU
		{FA89D82B-D06E-493F-A9E1-3BDD4782B71E}.Release|Any CPU.ActiveCfg = Release|Any CPU
		{FA89D82B-D06E-493F-A9E1-3BDD4782B71E}.Release|Any CPU.Build.0 = Release|Any CPU
		{E143CBC5-ADDF-4F5D-B3E1-004C28250CD5}.Debug|Any CPU.ActiveCfg = Debug|Any CPU
		{E143CBC5-ADDF-4F5D-B3E1-004C28250CD5}.Debug|Any CPU.Build.0 = Debug|Any CPU
		{E143CBC5-ADDF-4F5D-B3E1-004C28250CD5}.Release|Any CPU.ActiveCfg = Release|Any CPU
		{E143CBC5-ADDF-4F5D-B3E1-004C28250CD5}.Release|Any CPU.Build.0 = Release|Any CPU
		{5E9F759F-6C82-4A72-9365-2E2005628BC3}.Debug|Any CPU.ActiveCfg = Debug|Any CPU
		{5E9F759F-6C82-4A72-9365-2E2005628BC3}.Debug|Any CPU.Build.0 = Debug|Any CPU
		{5E9F759F-6C82-4A72-9365-2E2005628BC3}.Release|Any CPU.ActiveCfg = Release|Any CPU
		{5E9F759F-6C82-4A72-9365-2E2005628BC3}.Release|Any CPU.Build.0 = Release|Any CPU
	EndGlobalSection
	GlobalSection(SolutionProperties) = preSolution
		HideSolutionNode = FALSE
	EndGlobalSection
	GlobalSection(NestedProjects) = preSolution
		{7B1C239C-0AD3-4A46-B7FD-E69AC34A4074} = {1D7004B8-48CD-4DC6-8855-A312CDAC7A6A}
		{868AA813-E259-401D-BA73-7AC1D8DEB120} = {77A86174-31F4-47E9-8AC6-31454EB5055B}
		{FA89D82B-D06E-493F-A9E1-3BDD4782B71E} = {77A86174-31F4-47E9-8AC6-31454EB5055B}
		{E143CBC5-ADDF-4F5D-B3E1-004C28250CD5} = {77A86174-31F4-47E9-8AC6-31454EB5055B}
		{5E9F759F-6C82-4A72-9365-2E2005628BC3} = {77A86174-31F4-47E9-8AC6-31454EB5055B}
	EndGlobalSection
	GlobalSection(ExtensibilityGlobals) = postSolution
		SolutionGuid = {44C65A0B-F40F-44E2-B215-9999CBE848BE}
	EndGlobalSection
EndGlobal
